# THIS IS AN AUTOGENERATED FILE. DO NOT EDIT THIS FILE DIRECTLY.
# yarn lockfile v1


"@prisma/client@^3.13.0":
  version "3.13.0"
  resolved "https://registry.yarnpkg.com/@prisma/client/-/client-3.13.0.tgz#84511ebdf6ba75f77ca08495b9f73f22c4255654"
  integrity sha512-lnEA2tTyVbO5mS1ehmHJQKBDiKB8shaR6s3azwj3Azfi5XHIfnqmkolLCvUeFYnkDCNVzGXJpUgKwQt/UOOYVQ==
  dependencies:
    "@prisma/engines-version" "3.13.0-17.efdf9b1183dddfd4258cd181a72125755215ab7b"

"@prisma/engines-version@3.13.0-17.efdf9b1183dddfd4258cd181a72125755215ab7b":
  version "3.13.0-17.efdf9b1183dddfd4258cd181a72125755215ab7b"
  resolved "https://registry.yarnpkg.com/@prisma/engines-version/-/engines-version-3.13.0-17.efdf9b1183dddfd4258cd181a72125755215ab7b.tgz#676aca309d66d9be2aad8911ca31f1ee5561041c"
  integrity sha512-TGp9rvgJIKo8NgvAHSwOosbut9mTA7VC6/rpQI9gh+ySSRjdQFhbGyNUiOcQrlI9Ob2DWeO7y4HEnhdKxYiECg==

"@prisma/engines@3.13.0-17.efdf9b1183dddfd4258cd181a72125755215ab7b":
  version "3.13.0-17.efdf9b1183dddfd4258cd181a72125755215ab7b"
  resolved "https://registry.yarnpkg.com/@prisma/engines/-/engines-3.13.0-17.efdf9b1183dddfd4258cd181a72125755215ab7b.tgz#d3a457cec4ef7a3b3412c45b1f2eac68c974474b"
  integrity sha512-Ip9CcCeUocH61eXu4BUGpvl5KleQyhcUVLpWCv+0ZmDv44bFaDpREqjGHHdRupvPN/ugB6gTlD9b9ewdj02yVA==

"@types/node@*":
  version "17.0.30"
  resolved "https://registry.yarnpkg.com/@types/node/-/node-17.0.30.tgz#2c6e8512acac70815e8176aa30c38025067880ef"
  integrity sha512-oNBIZjIqyHYP8VCNAV9uEytXVeXG2oR0w9lgAXro20eugRQfY002qr3CUl6BAe+Yf/z3CRjPdz27Pu6WWtuSRw==

"@types/ws@^8.5.3":
  version "8.5.3"
  resolved "https://registry.yarnpkg.com/@types/ws/-/ws-8.5.3.tgz#7d25a1ffbecd3c4f2d35068d0b283c037003274d"
  integrity sha512-6YOoWjruKj1uLf3INHH7D3qTXwFfEsg1kf3c0uDdSBJwfa/llkwIjrAGV7j7mVgGNbzTQ3HiHKKDXl6bJPD97w==
  dependencies:
    "@types/node" "*"

bignumber.js@^9.0.0:
  version "9.0.2"
  resolved "https://registry.yarnpkg.com/bignumber.js/-/bignumber.js-9.0.2.tgz#71c6c6bed38de64e24a65ebe16cfcf23ae693673"
  integrity sha512-GAcQvbpsM0pUb0zw1EI0KhQEZ+lRwR5fYaAp3vPOYuP7aDvGy6cVN6XHLauvF8SOga2y0dcLcjt3iQDTSEliyw==

blakejs@^1.1.0:
  version "1.2.1"
  resolved "https://registry.yarnpkg.com/blakejs/-/blakejs-1.2.1.tgz#5057e4206eadb4a97f7c0b6e197a505042fc3814"
  integrity sha512-QXUSXI3QVc/gJME0dBpXrag1kbzOqCjCX8/b54ntNyW6sjtoqxqRk3LTmXzaJoh71zMsDCjM+47jS7XiwN/+fQ==

crypto-js@^4.1.1:
  version "4.1.1"
  resolved "https://registry.yarnpkg.com/crypto-js/-/crypto-js-4.1.1.tgz#9e485bcf03521041bd85844786b83fb7619736cf"
  integrity sha512-o2JlM7ydqd3Qk9CA0L4NL6mTzU2sdx96a+oOfPu8Mkl/PK51vSyoi8/rQ8NknZtk44vq15lmhAj9CIAGwgeWKw==

nanocurrency@^2.5.0:
  version "2.5.0"
  resolved "https://registry.yarnpkg.com/nanocurrency/-/nanocurrency-2.5.0.tgz#968659daadfa23150afc44a296fa3b211ffe9380"
  integrity sha512-zMDlgBCML0vMGvldsZN1Np93vwiMjaBLCkOM2tXv0LNIpty8HghDMZiNRzfBPkP70oRhRU+hOpVCEpTzZK5gDQ==
  dependencies:
    bignumber.js "^9.0.0"
    blakejs "^1.1.0"

prisma@^3.13.0:
  version "3.13.0"
  resolved "https://registry.yarnpkg.com/prisma/-/prisma-3.13.0.tgz#b11edd5631222ff1bf1d5324732d47801386aa8c"
  integrity sha512-oO1auBnBtieGdiN+57IgsA9Vr7Sy4HkILi1KSaUG4mpKfEbnkTGnLOxAqjLed+K2nsG/GtE1tJBtB7JxN1a78Q==
  dependencies:
    "@prisma/engines" "3.13.0-17.efdf9b1183dddfd4258cd181a72125755215ab7b"
    ts-pattern "^4.0.1"

ts-pattern@^4.0.1:
  version "4.0.2"
  resolved "https://registry.yarnpkg.com/ts-pattern/-/ts-pattern-4.0.2.tgz#b36afdb2de1ec0224539dcb7cea3a57c41453b9f"
  integrity sha512-eHqR/7A6fcw05vCOfnL6RwgGJbVi9G/YHTdYdjYmElhDdJ1SMn7pWs+6+YuxygaFwQS/g+cIDlu+UD8IVpur1A==

ws@^8.5.0:
  version "8.5.0"
  resolved "https://registry.yarnpkg.com/ws/-/ws-8.5.0.tgz#bfb4be96600757fe5382de12c670dab984a1ed4f"
  integrity sha512-BWX0SWVgLPzYwF8lTzEy1egjhS4S4OEAHfsO8o65WOVsrnSRGaSiUaa9e0ggGlkMTtBlmOpEXiie9RUcBO86qg==
